
Microsoft Visual Studio Solution File, Format Version 12.00
# Visual Studio Version 17
VisualStudioVersion = 17.1.32210.238
MinimumVisualStudioVersion = 10.0.40219.1
Project("{FAE04EC0-301F-11D3-BF4B-00C04F79EFBC}") = "PigLatin", "PigLatin\PigLatin.csproj", "{71612B7C-E694-4712-A5ED-1ECB229F7B17}"
EndProject
Global
	GlobalSection(SolutionConfigurationPlatforms) = preSolution
		Debug|Any CPU = Debug|Any CPU
		Release|Any CPU = Release|Any CPU
	EndGlobalSection
	GlobalSection(ProjectConfigurationPlatforms) = postSolution
		{71612B7C-E694-4712-A5ED-1ECB229F7B17}.Debug|Any CPU.ActiveCfg = Debug|Any CPU
		{71612B7C-E694-4712-A5ED-1ECB229F7B17}.Debug|Any CPU.Build.0 = Debug|Any CPU
		{71612B7C-E694-4712-A5ED-1ECB229F7B17}.Release|Any CPU.ActiveCfg = Release|Any CPU
		{71612B7C-E694-4712-A5ED-1ECB229F7B17}.Release|Any CPU.Build.0 = Release|Any CPU
	EndGlobalSection
	GlobalSection(SolutionProperties) = preSolution
		HideSolutionNode = FALSE
	EndGlobalSection
	GlobalSection(ExtensibilityGlobals) = postSolution
		SolutionGuid = {BEF1067F-FC7E-4A39-B303-5172CF6FD45F}
	EndGlobalSection
EndGlobal
